// !$*UTF8*$!
{
	archiveVersion = 1;
	classes = {
	};
	objectVersion = 46;
	objects = {

/* Begin PBXBuildFile section */
		FD0934131CB760DA005B5C6F /* AppDelegate.swift in Sources */ = {isa = PBXBuildFile; fileRef = FD0934121CB760DA005B5C6F /* AppDelegate.swift */; };
		FD0934151CB760DA005B5C6F /* ViewController.swift in Sources */ = {isa = PBXBuildFile; fileRef = FD0934141CB760DA005B5C6F /* ViewController.swift */; };
		FD0934181CB760DA005B5C6F /* Main.storyboard in Resources */ = {isa = PBXBuildFile; fileRef = FD0934161CB760DA005B5C6F /* Main.storyboard */; };
		FD09341A1CB760DA005B5C6F /* Assets.xcassets in Resources */ = {isa = PBXBuildFile; fileRef = FD0934191CB760DA005B5C6F /* Assets.xcassets */; };
		FD09341D1CB760DA005B5C6F /* LaunchScreen.storyboard in Resources */ = {isa = PBXBuildFile; fileRef = FD09341B1CB760DA005B5C6F /* LaunchScreen.storyboard */; };
		FD0934281CB760DA005B5C6F /* _08Days_SwiftTests.swift in Sources */ = {isa = PBXBuildFile; fileRef = FD0934271CB760DA005B5C6F /* _08Days_SwiftTests.swift */; };
		FD0934331CB760DA005B5C6F /* _08Days_SwiftUITests.swift in Sources */ = {isa = PBXBuildFile; fileRef = FD0934321CB760DA005B5C6F /* _08Days_SwiftUITests.swift */; };
		FD09345A1CB76119005B5C6F /* XLActivityViewController.swift in Sources */ = {isa = PBXBuildFile; fileRef = FD0934451CB76119005B5C6F /* XLActivityViewController.swift */; };
		FD09345B1CB76119005B5C6F /* XLDiscoveryViewController.swift in Sources */ = {isa = PBXBuildFile; fileRef = FD09344A1CB76119005B5C6F /* XLDiscoveryViewController.swift */; };
		FD09345C1CB76119005B5C6F /* XLHomeViewController.swift in Sources */ = {isa = PBXBuildFile; fileRef = FD09344F1CB76119005B5C6F /* XLHomeViewController.swift */; };
		FD0934611CB761DE005B5C6F /* XLTabBarViewController.swift in Sources */ = {isa = PBXBuildFile; fileRef = FD0934601CB761DE005B5C6F /* XLTabBarViewController.swift */; };
		FD0934631CB76203005B5C6F /* XLNavigationViewController.swift in Sources */ = {isa = PBXBuildFile; fileRef = FD0934621CB76203005B5C6F /* XLNavigationViewController.swift */; };
/* End PBXBuildFile section */

/* Begin PBXContainerItemProxy section */
		FD0934241CB760DA005B5C6F /* PBXContainerItemProxy */ = {
			isa = PBXContainerItemProxy;
			containerPortal = FD0934071CB760DA005B5C6F /* Project object */;
			proxyType = 1;
			remoteGlobalIDString = FD09340E1CB760DA005B5C6F;
			remoteInfo = "108Days-Swift";
		};
		FD09342F1CB760DA005B5C6F /* PBXContainerItemProxy */ = {
			isa = PBXContainerItemProxy;
			containerPortal = FD0934071CB760DA005B5C6F /* Project object */;
			proxyType = 1;
			remoteGlobalIDString = FD09340E1CB760DA005B5C6F;
			remoteInfo = "108Days-Swift";
		};
/* End PBXContainerItemProxy section */

/* Begin PBXFileReference section */
		FD09340F1CB760DA005B5C6F /* 108Days-Swift.app */ = {isa = PBXFileReference; explicitFileType = wrapper.application; includeInIndex = 0; path = "108Days-Swift.app"; sourceTree = BUILT_PRODUCTS_DIR; };
		FD0934121CB760DA005B5C6F /* AppDelegate.swift */ = {isa = PBXFileReference; lastKnownFileType = sourcecode.swift; name = AppDelegate.swift; path = ../../AppDelegate.swift; sourceTree = "<group>"; };
		FD0934141CB760DA005B5C6F /* ViewController.swift */ = {isa = PBXFileReference; lastKnownFileType = sourcecode.swift; name = ViewController.swift; path = ../../ViewController.swift; sourceTree = "<group>"; };
		FD0934171CB760DA005B5C6F /* Base */ = {isa = PBXFileReference; lastKnownFileType = file.storyboard; name = Base; path = Base.lproj/Main.storyboard; sourceTree = "<group>"; };
		FD0934191CB760DA005B5C6F /* Assets.xcassets */ = {isa = PBXFileReference; lastKnownFileType = folder.assetcatalog; path = Assets.xcassets; sourceTree = "<group>"; };
		FD09341C1CB760DA005B5C6F /* Base */ = {isa = PBXFileReference; lastKnownFileType = file.storyboard; name = Base; path = Base.lproj/LaunchScreen.storyboard; sourceTree = "<group>"; };
		FD09341E1CB760DA005B5C6F /* Info.plist */ = {isa = PBXFileReference; lastKnownFileType = text.plist.xml; name = Info.plist; path = ../../Info.plist; sourceTree = "<group>"; };
		FD0934231CB760DA005B5C6F /* 108Days-SwiftTests.xctest */ = {isa = PBXFileReference; explicitFileType = wrapper.cfbundle; includeInIndex = 0; path = "108Days-SwiftTests.xctest"; sourceTree = BUILT_PRODUCTS_DIR; };
		FD0934271CB760DA005B5C6F /* _08Days_SwiftTests.swift */ = {isa = PBXFileReference; lastKnownFileType = sourcecode.swift; path = _08Days_SwiftTests.swift; sourceTree = "<group>"; };
		FD0934291CB760DA005B5C6F /* Info.plist */ = {isa = PBXFileReference; lastKnownFileType = text.plist.xml; path = Info.plist; sourceTree = "<group>"; };
		FD09342E1CB760DA005B5C6F /* 108Days-SwiftUITests.xctest */ = {isa = PBXFileReference; explicitFileType = wrapper.cfbundle; includeInIndex = 0; path = "108Days-SwiftUITests.xctest"; sourceTree = BUILT_PRODUCTS_DIR; };
		FD0934321CB760DA005B5C6F /* _08Days_SwiftUITests.swift */ = {isa = PBXFileReference; lastKnownFileType = sourcecode.swift; path = _08Days_SwiftUITests.swift; sourceTree = "<group>"; };
		FD0934341CB760DA005B5C6F /* Info.plist */ = {isa = PBXFileReference; lastKnownFileType = text.plist.xml; path = Info.plist; sourceTree = "<group>"; };
		FD0934451CB76119005B5C6F /* XLActivityViewController.swift */ = {isa = PBXFileReference; fileEncoding = 4; lastKnownFileType = sourcecode.swift; path = XLActivityViewController.swift; sourceTree = "<group>"; };
		FD09344A1CB76119005B5C6F /* XLDiscoveryViewController.swift */ = {isa = PBXFileReference; fileEncoding = 4; lastKnownFileType = sourcecode.swift; path = XLDiscoveryViewController.swift; sourceTree = "<group>"; };
		FD09344F1CB76119005B5C6F /* XLHomeViewController.swift */ = {isa = PBXFileReference; fileEncoding = 4; lastKnownFileType = sourcecode.swift; path = XLHomeViewController.swift; sourceTree = "<group>"; };
		FD0934601CB761DE005B5C6F /* XLTabBarViewController.swift */ = {isa = PBXFileReference; fileEncoding = 4; lastKnownFileType = sourcecode.swift; path = XLTabBarViewController.swift; sourceTree = "<group>"; };
		FD0934621CB76203005B5C6F /* XLNavigationViewController.swift */ = {isa = PBXFileReference; fileEncoding = 4; lastKnownFileType = sourcecode.swift; path = XLNavigationViewController.swift; sourceTree = "<group>"; };
/* End PBXFileReference section */

/* Begin PBXFrameworksBuildPhase section */
		FD09340C1CB760DA005B5C6F /* Frameworks */ = {
			isa = PBXFrameworksBuildPhase;
			buildActionMask = 2147483647;
			files = (
			);
			runOnlyForDeploymentPostprocessing = 0;
		};
		FD0934201CB760DA005B5C6F /* Frameworks */ = {
			isa = PBXFrameworksBuildPhase;
			buildActionMask = 2147483647;
			files = (
			);
			runOnlyForDeploymentPostprocessing = 0;
		};
		FD09342B1CB760DA005B5C6F /* Frameworks */ = {
			isa = PBXFrameworksBuildPhase;
			buildActionMask = 2147483647;
			files = (
			);
			runOnlyForDeploymentPostprocessing = 0;
		};
/* End PBXFrameworksBuildPhase section */

/* Begin PBXGroup section */
		FD0934061CB760DA005B5C6F = {
			isa = PBXGroup;
			children = (
				FD0934111CB760DA005B5C6F /* 108Days-Swift */,
				FD0934261CB760DA005B5C6F /* 108Days-SwiftTests */,
				FD0934311CB760DA005B5C6F /* 108Days-SwiftUITests */,
				FD0934101CB760DA005B5C6F /* Products */,
			);
			sourceTree = "<group>";
		};
		FD0934101CB760DA005B5C6F /* Products */ = {
			isa = PBXGroup;
			children = (
				FD09340F1CB760DA005B5C6F /* 108Days-Swift.app */,
				FD0934231CB760DA005B5C6F /* 108Days-SwiftTests.xctest */,
				FD09342E1CB760DA005B5C6F /* 108Days-SwiftUITests.xctest */,
			);
			name = Products;
			sourceTree = "<group>";
		};
		FD0934111CB760DA005B5C6F /* 108Days-Swift */ = {
			isa = PBXGroup;
			children = (
				FD0934401CB76119005B5C6F /* Classes */,
				FD0934191CB760DA005B5C6F /* Assets.xcassets */,
				FD09341B1CB760DA005B5C6F /* LaunchScreen.storyboard */,
			);
			path = "108Days-Swift";
			sourceTree = "<group>";
		};
		FD0934261CB760DA005B5C6F /* 108Days-SwiftTests */ = {
			isa = PBXGroup;
			children = (
				FD0934271CB760DA005B5C6F /* _08Days_SwiftTests.swift */,
				FD0934291CB760DA005B5C6F /* Info.plist */,
			);
			path = "108Days-SwiftTests";
			sourceTree = "<group>";
		};
		FD0934311CB760DA005B5C6F /* 108Days-SwiftUITests */ = {
			isa = PBXGroup;
			children = (
				FD0934321CB760DA005B5C6F /* _08Days_SwiftUITests.swift */,
				FD0934341CB760DA005B5C6F /* Info.plist */,
			);
			path = "108Days-SwiftUITests";
			sourceTree = "<group>";
		};
		FD0934401CB76119005B5C6F /* Classes */ = {
			isa = PBXGroup;
			children = (
				FD0934411CB76119005B5C6F /* Activity */,
				FD0934461CB76119005B5C6F /* Discovery */,
				FD09344B1CB76119005B5C6F /* Home */,
				FD0934501CB76119005B5C6F /* Main */,
				FD0934551CB76119005B5C6F /* Mine */,
				FD0934591CB76119005B5C6F /* Other */,
			);
			path = Classes;
			sourceTree = "<group>";
		};
		FD0934411CB76119005B5C6F /* Activity */ = {
			isa = PBXGroup;
			children = (
				FD0934421CB76119005B5C6F /* Model */,
				FD0934431CB76119005B5C6F /* View */,
				FD0934441CB76119005B5C6F /* ViewController */,
			);
			path = Activity;
			sourceTree = "<group>";
		};
		FD0934421CB76119005B5C6F /* Model */ = {
			isa = PBXGroup;
			children = (
			);
			path = Model;
			sourceTree = "<group>";
		};
		FD0934431CB76119005B5C6F /* View */ = {
			isa = PBXGroup;
			children = (
			);
			path = View;
			sourceTree = "<group>";
		};
		FD0934441CB76119005B5C6F /* ViewController */ = {
			isa = PBXGroup;
			children = (
				FD0934451CB76119005B5C6F /* XLActivityViewController.swift */,
			);
			path = ViewController;
			sourceTree = "<group>";
		};
		FD0934461CB76119005B5C6F /* Discovery */ = {
			isa = PBXGroup;
			children = (
				FD0934471CB76119005B5C6F /* Model */,
				FD0934481CB76119005B5C6F /* View */,
				FD0934491CB76119005B5C6F /* ViewController */,
			);
			path = Discovery;
			sourceTree = "<group>";
		};
		FD0934471CB76119005B5C6F /* Model */ = {
			isa = PBXGroup;
			children = (
			);
			path = Model;
			sourceTree = "<group>";
		};
		FD0934481CB76119005B5C6F /* View */ = {
			isa = PBXGroup;
			children = (
			);
			path = View;
			sourceTree = "<group>";
		};
		FD0934491CB76119005B5C6F /* ViewController */ = {
			isa = PBXGroup;
			children = (
				FD09344A1CB76119005B5C6F /* XLDiscoveryViewController.swift */,
			);
			path = ViewController;
			sourceTree = "<group>";
		};
		FD09344B1CB76119005B5C6F /* Home */ = {
			isa = PBXGroup;
			children = (
				FD09344C1CB76119005B5C6F /* Model */,
				FD09344D1CB76119005B5C6F /* View */,
				FD09344E1CB76119005B5C6F /* ViewController */,
			);
			path = Home;
			sourceTree = "<group>";
		};
		FD09344C1CB76119005B5C6F /* Model */ = {
			isa = PBXGroup;
			children = (
			);
			path = Model;
			sourceTree = "<group>";
		};
		FD09344D1CB76119005B5C6F /* View */ = {
			isa = PBXGroup;
			children = (
			);
			path = View;
			sourceTree = "<group>";
		};
		FD09344E1CB76119005B5C6F /* ViewController */ = {
			isa = PBXGroup;
			children = (
				FD09344F1CB76119005B5C6F /* XLHomeViewController.swift */,
			);
			path = ViewController;
			sourceTree = "<group>";
		};
		FD0934501CB76119005B5C6F /* Main */ = {
			isa = PBXGroup;
			children = (
				FD0934511CB76119005B5C6F /* Model */,
				FD0934521CB76119005B5C6F /* View */,
				FD0934531CB76119005B5C6F /* ViewController */,
			);
			path = Main;
			sourceTree = "<group>";
		};
		FD0934511CB76119005B5C6F /* Model */ = {
			isa = PBXGroup;
			children = (
			);
			path = Model;
			sourceTree = "<group>";
		};
		FD0934521CB76119005B5C6F /* View */ = {
			isa = PBXGroup;
			children = (
			);
			path = View;
			sourceTree = "<group>";
		};
		FD0934531CB76119005B5C6F /* ViewController */ = {
			isa = PBXGroup;
			children = (
				FD0934601CB761DE005B5C6F /* XLTabBarViewController.swift */,
				FD0934621CB76203005B5C6F /* XLNavigationViewController.swift */,
			);
			path = ViewController;
			sourceTree = "<group>";
		};
		FD0934551CB76119005B5C6F /* Mine */ = {
			isa = PBXGroup;
			children = (
				FD0934561CB76119005B5C6F /* Model */,
				FD0934571CB76119005B5C6F /* View */,
				FD0934581CB76119005B5C6F /* ViewController */,
			);
			path = Mine;
			sourceTree = "<group>";
		};
		FD0934561CB76119005B5C6F /* Model */ = {
			isa = PBXGroup;
			children = (
			);
			path = Model;
			sourceTree = "<group>";
		};
		FD0934571CB76119005B5C6F /* View */ = {
			isa = PBXGroup;
			children = (
			);
			path = View;
			sourceTree = "<group>";
		};
		FD0934581CB76119005B5C6F /* ViewController */ = {
			isa = PBXGroup;
			children = (
			);
			path = ViewController;
			sourceTree = "<group>";
		};
		FD0934591CB76119005B5C6F /* Other */ = {
			isa = PBXGroup;
			children = (
				FD0934141CB760DA005B5C6F /* ViewController.swift */,
				FD0934121CB760DA005B5C6F /* AppDelegate.swift */,
				FD09341E1CB760DA005B5C6F /* Info.plist */,
				FD0934161CB760DA005B5C6F /* Main.storyboard */,
			);
			path = Other;
			sourceTree = "<group>";
		};
/* End PBXGroup section */

/* Begin PBXNativeTarget section */
		FD09340E1CB760DA005B5C6F /* 108Days-Swift */ = {
			isa = PBXNativeTarget;
			buildConfigurationList = FD0934371CB760DA005B5C6F /* Build configuration list for PBXNativeTarget "108Days-Swift" */;
			buildPhases = (
				FD09340B1CB760DA005B5C6F /* Sources */,
				FD09340C1CB760DA005B5C6F /* Frameworks */,
				FD09340D1CB760DA005B5C6F /* Resources */,
			);
			buildRules = (
			);
			dependencies = (
			);
			name = "108Days-Swift";
			productName = "108Days-Swift";
			productReference = FD09340F1CB760DA005B5C6F /* 108Days-Swift.app */;
			productType = "com.apple.product-type.application";
		};
		FD0934221CB760DA005B5C6F /* 108Days-SwiftTests */ = {
			isa = PBXNativeTarget;
			buildConfigurationList = FD09343A1CB760DA005B5C6F /* Build configuration list for PBXNativeTarget "108Days-SwiftTests" */;
			buildPhases = (
				FD09341F1CB760DA005B5C6F /* Sources */,
				FD0934201CB760DA005B5C6F /* Frameworks */,
				FD0934211CB760DA005B5C6F /* Resources */,
			);
			buildRules = (
			);
			dependencies = (
				FD0934251CB760DA005B5C6F /* PBXTargetDependency */,
			);
			name = "108Days-SwiftTests";
			productName = "108Days-SwiftTests";
			productReference = FD0934231CB760DA005B5C6F /* 108Days-SwiftTests.xctest */;
			productType = "com.apple.product-type.bundle.unit-test";
		};
		FD09342D1CB760DA005B5C6F /* 108Days-SwiftUITests */ = {
			isa = PBXNativeTarget;
			buildConfigurationList = FD09343D1CB760DA005B5C6F /* Build configuration list for PBXNativeTarget "108Days-SwiftUITests" */;
			buildPhases = (
				FD09342A1CB760DA005B5C6F /* Sources */,
				FD09342B1CB760DA005B5C6F /* Frameworks */,
				FD09342C1CB760DA005B5C6F /* Resources */,
			);
			buildRules = (
			);
			dependencies = (
				FD0934301CB760DA005B5C6F /* PBXTargetDependency */,
			);
			name = "108Days-SwiftUITests";
			productName = "108Days-SwiftUITests";
			productReference = FD09342E1CB760DA005B5C6F /* 108Days-SwiftUITests.xctest */;
			productType = "com.apple.product-type.bundle.ui-testing";
		};
/* End PBXNativeTarget section */

/* Begin PBXProject section */
		FD0934071CB760DA005B5C6F /* Project object */ = {
			isa = PBXProject;
			attributes = {
				CLASSPREFIX = XL;
				LastSwiftUpdateCheck = 0710;
				LastUpgradeCheck = 0710;
				ORGANIZATIONNAME = Shelin;
				TargetAttributes = {
					FD09340E1CB760DA005B5C6F = {
						CreatedOnToolsVersion = 7.1;
					};
					FD0934221CB760DA005B5C6F = {
						CreatedOnToolsVersion = 7.1;
						TestTargetID = FD09340E1CB760DA005B5C6F;
					};
					FD09342D1CB760DA005B5C6F = {
						CreatedOnToolsVersion = 7.1;
						TestTargetID = FD09340E1CB760DA005B5C6F;
					};
				};
			};
			buildConfigurationList = FD09340A1CB760DA005B5C6F /* Build configuration list for PBXProject "108Days-Swift" */;
			compatibilityVersion = "Xcode 3.2";
			developmentRegion = English;
			hasScannedForEncodings = 0;
			knownRegions = (
				en,
				Base,
			);
			mainGroup = FD0934061CB760DA005B5C6F;
			productRefGroup = FD0934101CB760DA005B5C6F /* Products */;
			projectDirPath = "";
			projectRoot = "";
			targets = (
				FD09340E1CB760DA005B5C6F /* 108Days-Swift */,
				FD0934221CB760DA005B5C6F /* 108Days-SwiftTests */,
				FD09342D1CB760DA005B5C6F /* 108Days-SwiftUITests */,
			);
		};
/* End PBXProject section */

/* Begin PBXResourcesBuildPhase section */
		FD09340D1CB760DA005B5C6F /* Resources */ = {
			isa = PBXResourcesBuildPhase;
			buildActionMask = 2147483647;
			files = (
				FD09341D1CB760DA005B5C6F /* LaunchScreen.storyboard in Resources */,
				FD09341A1CB760DA005B5C6F /* Assets.xcassets in Resources */,
				FD0934181CB760DA005B5C6F /* Main.storyboard in Resources */,
			);
			runOnlyForDeploymentPostprocessing = 0;
		};
		FD0934211CB760DA005B5C6F /* Resources */ = {
			isa = PBXResourcesBuildPhase;
			buildActionMask = 2147483647;
			files = (
			);
			runOnlyForDeploymentPostprocessing = 0;
		};
		FD09342C1CB760DA005B5C6F /* Resources */ = {
			isa = PBXResourcesBuildPhase;
			buildActionMask = 2147483647;
			files = (
			);
			runOnlyForDeploymentPostprocessing = 0;
		};
/* End PBXResourcesBuildPhase section */

/* Begin PBXSourcesBuildPhase section */
		FD09340B1CB760DA005B5C6F /* Sources */ = {
			isa = PBXSourcesBuildPhase;
			buildActionMask = 2147483647;
			files = (
				FD09345A1CB76119005B5C6F /* XLActivityViewController.swift in Sources */,
				FD0934631CB76203005B5C6F /* XLNavigationViewController.swift in Sources */,
				FD09345C1CB76119005B5C6F /* XLHomeViewController.swift in Sources */,
				FD09345B1CB76119005B5C6F /* XLDiscoveryViewController.swift in Sources */,
				FD0934151CB760DA005B5C6F /* ViewController.swift in Sources */,
				FD0934611CB761DE005B5C6F /* XLTabBarViewController.swift in Sources */,
				FD0934131CB760DA005B5C6F /* AppDelegate.swift in Sources */,
			);
			runOnlyForDeploymentPostprocessing = 0;
		};
		FD09341F1CB760DA005B5C6F /* Sources */ = {
			isa = PBXSourcesBuildPhase;
			buildActionMask = 2147483647;
			files = (
				FD0934281CB760DA005B5C6F /* _08Days_SwiftTests.swift in Sources */,
			);
			runOnlyForDeploymentPostprocessing = 0;
		};
		FD09342A1CB760DA005B5C6F /* Sources */ = {
			isa = PBXSourcesBuildPhase;
			buildActionMask = 2147483647;
			files = (
				FD0934331CB760DA005B5C6F /* _08Days_SwiftUITests.swift in Sources */,
			);
			runOnlyForDeploymentPostprocessing = 0;
		};
/* End PBXSourcesBuildPhase section */

/* Begin PBXTargetDependency section */
		FD0934251CB760DA005B5C6F /* PBXTargetDependency */ = {
			isa = PBXTargetDependency;
			target = FD09340E1CB760DA005B5C6F /* 108Days-Swift */;
			targetProxy = FD0934241CB760DA005B5C6F /* PBXContainerItemProxy */;
		};
		FD0934301CB760DA005B5C6F /* PBXTargetDependency */ = {
			isa = PBXTargetDependency;
			target = FD09340E1CB760DA005B5C6F /* 108Days-Swift */;
			targetProxy = FD09342F1CB760DA005B5C6F /* PBXContainerItemProxy */;
		};
/* End PBXTargetDependency section */

/* Begin PBXVariantGroup section */
		FD0934161CB760DA005B5C6F /* Main.storyboard */ = {
			isa = PBXVariantGroup;
			children = (
				FD0934171CB760DA005B5C6F /* Base */,
			);
			name = Main.storyboard;
			path = ../..;
			sourceTree = "<group>";
		};
		FD09341B1CB760DA005B5C6F /* LaunchScreen.storyboard */ = {
			isa = PBXVariantGroup;
			children = (
				FD09341C1CB760DA005B5C6F /* Base */,
			);
			name = LaunchScreen.storyboard;
			sourceTree = "<group>";
		};
/* End PBXVariantGroup section */

/* Begin XCBuildConfiguration section */
		FD0934351CB760DA005B5C6F /* Debug */ = {
			isa = XCBuildConfiguration;
			buildSettings = {
				ALWAYS_SEARCH_USER_PATHS = NO;
				CLANG_CXX_LANGUAGE_STANDARD = "gnu++0x";
				CLANG_CXX_LIBRARY = "libc++";
				CLANG_ENABLE_MODULES = YES;
				CLANG_ENABLE_OBJC_ARC = YES;
				CLANG_WARN_BOOL_CONVERSION = YES;
				CLANG_WARN_CONSTANT_CONVERSION = YES;
				CLANG_WARN_DIRECT_OBJC_ISA_USAGE = YES_ERROR;
				CLANG_WARN_EMPTY_BODY = YES;
				CLANG_WARN_ENUM_CONVERSION = YES;
				CLANG_WARN_INT_CONVERSION = YES;
				CLANG_WARN_OBJC_ROOT_CLASS = YES_ERROR;
				CLANG_WARN_UNREACHABLE_CODE = YES;
				CLANG_WARN__DUPLICATE_METHOD_MATCH = YES;
				"CODE_SIGN_IDENTITY[sdk=iphoneos*]" = "iPhone Developer";
				COPY_PHASE_STRIP = NO;
				DEBUG_INFORMATION_FORMAT = dwarf;
				ENABLE_STRICT_OBJC_MSGSEND = YES;
				ENABLE_TESTABILITY = YES;
				GCC_C_LANGUAGE_STANDARD = gnu99;
				GCC_DYNAMIC_NO_PIC = NO;
				GCC_NO_COMMON_BLOCKS = YES;
				GCC_OPTIMIZATION_LEVEL = 0;
				GCC_PREPROCESSOR_DEFINITIONS = (
					"DEBUG=1",
					"$(inherited)",
				);
				GCC_WARN_64_TO_32_BIT_CONVERSION = YES;
				GCC_WARN_ABOUT_RETURN_TYPE = YES_ERROR;
				GCC_WARN_UNDECLARED_SELECTOR = YES;
				GCC_WARN_UNINITIALIZED_AUTOS = YES_AGGRESSIVE;
				GCC_WARN_UNUSED_FUNCTION = YES;
				GCC_WARN_UNUSED_VARIABLE = YES;
				IPHONEOS_DEPLOYMENT_TARGET = 9.1;
				MTL_ENABLE_DEBUG_INFO = YES;
				ONLY_ACTIVE_ARCH = YES;
				SDKROOT = iphoneos;
				SWIFT_OPTIMIZATION_LEVEL = "-Onone";
			};
			name = Debug;
		};
		FD0934361CB760DA005B5C6F /* Release */ = {
			isa = XCBuildConfiguration;
			buildSettings = {
				ALWAYS_SEARCH_USER_PATHS = NO;
				CLANG_CXX_LANGUAGE_STANDARD = "gnu++0x";
				CLANG_CXX_LIBRARY = "libc++";
				CLANG_ENABLE_MODULES = YES;
				CLANG_ENABLE_OBJC_ARC = YES;
				CLANG_WARN_BOOL_CONVERSION = YES;
				CLANG_WARN_CONSTANT_CONVERSION = YES;
				CLANG_WARN_DIRECT_OBJC_ISA_USAGE = YES_ERROR;
				CLANG_WARN_EMPTY_BODY = YES;
				CLANG_WARN_ENUM_CONVERSION = YES;
				CLANG_WARN_INT_CONVERSION = YES;
				CLANG_WARN_OBJC_ROOT_CLASS = YES_ERROR;
				CLANG_WARN_UNREACHABLE_CODE = YES;
				CLANG_WARN__DUPLICATE_METHOD_MATCH = YES;
				"CODE_SIGN_IDENTITY[sdk=iphoneos*]" = "iPhone Developer";
				COPY_PHASE_STRIP = NO;
				DEBUG_INFORMATION_FORMAT = "dwarf-with-dsym";
				ENABLE_NS_ASSERTIONS = NO;
				ENABLE_STRICT_OBJC_MSGSEND = YES;
				GCC_C_LANGUAGE_STANDARD = gnu99;
				GCC_NO_COMMON_BLOCKS = YES;
				GCC_WARN_64_TO_32_BIT_CONVERSION = YES;
				GCC_WARN_ABOUT_RETURN_TYPE = YES_ERROR;
				GCC_WARN_UNDECLARED_SELECTOR = YES;
				GCC_WARN_UNINITIALIZED_AUTOS = YES_AGGRESSIVE;
				GCC_WARN_UNUSED_FUNCTION = YES;
				GCC_WARN_UNUSED_VARIABLE = YES;
				IPHONEOS_DEPLOYMENT_TARGET = 9.1;
				MTL_ENABLE_DEBUG_INFO = NO;
				SDKROOT = iphoneos;
				VALIDATE_PRODUCT = YES;
			};
			name = Release;
		};
		FD0934381CB760DA005B5C6F /* Debug */ = {
			isa = XCBuildConfiguration;
			buildSettings = {
				ASSETCATALOG_COMPILER_APPICON_NAME = AppIcon;
				INFOPLIST_FILE = "108Days-Swift/Info.plist";
				IPHONEOS_DEPLOYMENT_TARGET = 8.0;
				LD_RUNPATH_SEARCH_PATHS = "$(inherited) @executable_path/Frameworks";
				PRODUCT_BUNDLE_IDENTIFIER = "com.greatgate.-08Days-Swift";
				PRODUCT_NAME = "$(TARGET_NAME)";
			};
			name = Debug;
		};
		FD0934391CB760DA005B5C6F /* Release */ = {
			isa = XCBuildConfiguration;
			buildSettings = {
				ASSETCATALOG_COMPILER_APPICON_NAME = AppIcon;
				INFOPLIST_FILE = "108Days-Swift/Info.plist";
				IPHONEOS_DEPLOYMENT_TARGET = 8.0;
				LD_RUNPATH_SEARCH_PATHS = "$(inherited) @executable_path/Frameworks";
				PRODUCT_BUNDLE_IDENTIFIER = "com.greatgate.-08Days-Swift";
				PRODUCT_NAME = "$(TARGET_NAME)";
			};
			name = Release;
		};
		FD09343B1CB760DA005B5C6F /* Debug */ = {
			isa = XCBuildConfiguration;
			buildSettings = {
				BUNDLE_LOADER = "$(TEST_HOST)";
				INFOPLIST_FILE = "108Days-SwiftTests/Info.plist";
				LD_RUNPATH_SEARCH_PATHS = "$(inherited) @executable_path/Frameworks @loader_path/Frameworks";
				PRODUCT_BUNDLE_IDENTIFIER = "com.greatgate.-08Days-SwiftTests";
				PRODUCT_NAME = "$(TARGET_NAME)";
				TEST_HOST = "$(BUILT_PRODUCTS_DIR)/108Days-Swift.app/108Days-Swift";
			};
			name = Debug;
		};
		FD09343C1CB760DA005B5C6F /* Release */ = {
			isa = XCBuildConfiguration;
			buildSettings = {
				BUNDLE_LOADER = "$(TEST_HOST)";
				INFOPLIST_FILE = "108Days-SwiftTests/Info.plist";
				LD_RUNPATH_SEARCH_PATHS = "$(inherited) @executable_path/Frameworks @loader_path/Frameworks";
				PRODUCT_BUNDLE_IDENTIFIER = "com.greatgate.-08Days-SwiftTests";
				PRODUCT_NAME = "$(TARGET_NAME)";
				TEST_HOST = "$(BUILT_PRODUCTS_DIR)/108Days-Swift.app/108Days-Swift";
			};
			name = Release;
		};
		FD09343E1CB760DA005B5C6F /* Debug */ = {
			isa = XCBuildConfiguration;
			buildSettings = {
				INFOPLIST_FILE = "108Days-SwiftUITests/Info.plist";
				LD_RUNPATH_SEARCH_PATHS = "$(inherited) @executable_path/Frameworks @loader_path/Frameworks";
				PRODUCT_BUNDLE_IDENTIFIER = "com.greatgate.-08Days-SwiftUITests";
				PRODUCT_NAME = "$(TARGET_NAME)";
				TEST_TARGET_NAME = "108Days-Swift";
				USES_XCTRUNNER = YES;
			};
			name = Debug;
		};
		FD09343F1CB760DA005B5C6F /* Release */ = {
			isa = XCBuildConfiguration;
			buildSettings = {
				INFOPLIST_FILE = "108Days-SwiftUITests/Info.plist";
				LD_RUNPATH_SEARCH_PATHS = "$(inherited) @executable_path/Frameworks @loader_path/Frameworks";
				PRODUCT_BUNDLE_IDENTIFIER = "com.greatgate.-08Days-SwiftUITests";
				PRODUCT_NAME = "$(TARGET_NAME)";
				TEST_TARGET_NAME = "108Days-Swift";
				USES_XCTRUNNER = YES;
			};
			name = Release;
		};
/* End XCBuildConfiguration section */

/* Begin XCConfigurationList section */
		FD09340A1CB760DA005B5C6F /* Build configuration list for PBXProject "108Days-Swift" */ = {
			isa = XCConfigurationList;
			buildConfigurations = (
				FD0934351CB760DA005B5C6F /* Debug */,
				FD0934361CB760DA005B5C6F /* Release */,
			);
			defaultConfigurationIsVisible = 0;
			defaultConfigurationName = Release;
		};
		FD0934371CB760DA005B5C6F /* Build configuration list for PBXNativeTarget "108Days-Swift" */ = {
			isa = XCConfigurationList;
			buildConfigurations = (
				FD0934381CB760DA005B5C6F /* Debug */,
				FD0934391CB760DA005B5C6F /* Release */,
			);
			defaultConfigurationIsVisible = 0;
		};
		FD09343A1CB760DA005B5C6F /* Build configuration list for PBXNativeTarget "108Days-SwiftTests" */ = {
			isa = XCConfigurationList;
			buildConfigurations = (
				FD09343B1CB760DA005B5C6F /* Debug */,
				FD09343C1CB760DA005B5C6F /* Release */,
			);
			defaultConfigurationIsVisible = 0;
		};
		FD09343D1CB760DA005B5C6F /* Build configuration list for PBXNativeTarget "108Days-SwiftUITests" */ = {
			isa = XCConfigurationList;
			buildConfigurations = (
				FD09343E1CB760DA005B5C6F /* Debug */,
				FD09343F1CB760DA005B5C6F /* Release */,
			);
			defaultConfigurationIsVisible = 0;
		};
/* End XCConfigurationList section */
	};
	rootObject = FD0934071CB760DA005B5C6F /* Project object */;
}
